
Microsoft Visual Studio Solution File, Format Version 12.00
# Visual Studio Version 17
VisualStudioVersion = 17.5.33103.201
MinimumVisualStudioVersion = 10.0.40219.1
Project("{9A19103F-16F7-4668-BE54-9A1E7A4F7556}") = "CarePatreonTest.Core", "CarePatreonTest.Core\CarePatreonTest.Core.csproj", "{8D874C1E-1DA6-46BA-AEC8-078769E4C400}"
EndProject
Project("{9A19103F-16F7-4668-BE54-9A1E7A4F7556}") = "CarePatreonTest.Application", "CarePatreonTest.Application\CarePatreonTest.Application.csproj", "{9B961EF7-5105-464D-937B-CB5E7AF354F6}"
EndProject
Project("{9A19103F-16F7-4668-BE54-9A1E7A4F7556}") = "CarePatreonTest.Infrastructure", "CarePatreonTest.Infrastructure\CarePatreonTest.Infrastructure.csproj", "{88E8CB44-7900-4015-88CA-849EBFA19CE9}"
EndProject
Project("{9A19103F-16F7-4668-BE54-9A1E7A4F7556}") = "CarePatreonTest.Functions", "CarePatreonTest.Functions\CarePatreonTest.Functions.csproj", "{A97A095A-40A7-4EF4-83C2-7580834C689E}"
EndProject
Project("{9A19103F-16F7-4668-BE54-9A1E7A4F7556}") = "CarePatreonTest.API", "CarePatreonTest.API\CarePatreonTest.API.csproj", "{2F8646B1-DD89-4552-A793-1F8ACC3BD404}"
EndProject
Project("{2150E333-8FDC-42A3-9474-1A3956D46DE8}") = "Demo", "Demo", "{85CF8D75-BF53-45CC-B4BD-AA7DBC8F73F4}"
EndProject
Project("{FAE04EC0-301F-11D3-BF4B-00C04F79EFBC}") = "UserClientApp", "UserClientApp\UserClientApp.csproj", "{87B5FF39-8456-4ABE-A2EE-FE289E98AC8A}"
EndProject
Global
	GlobalSection(SolutionConfigurationPlatforms) = preSolution
		Debug|Any CPU = Debug|Any CPU
		Release|Any CPU = Release|Any CPU
	EndGlobalSection
	GlobalSection(ProjectConfigurationPlatforms) = postSolution
		{8D874C1E-1DA6-46BA-AEC8-078769E4C400}.Debug|Any CPU.ActiveCfg = Debug|Any CPU
		{8D874C1E-1DA6-46BA-AEC8-078769E4C400}.Debug|Any CPU.Build.0 = Debug|Any CPU
		{8D874C1E-1DA6-46BA-AEC8-078769E4C400}.Release|Any CPU.ActiveCfg = Release|Any CPU
		{8D874C1E-1DA6-46BA-AEC8-078769E4C400}.Release|Any CPU.Build.0 = Release|Any CPU
		{9B961EF7-5105-464D-937B-CB5E7AF354F6}.Debug|Any CPU.ActiveCfg = Debug|Any CPU
		{9B961EF7-5105-464D-937B-CB5E7AF354F6}.Debug|Any CPU.Build.0 = Debug|Any CPU
		{9B961EF7-5105-464D-937B-CB5E7AF354F6}.Release|Any CPU.ActiveCfg = Release|Any CPU
		{9B961EF7-5105-464D-937B-CB5E7AF354F6}.Release|Any CPU.Build.0 = Release|Any CPU
		{88E8CB44-7900-4015-88CA-849EBFA19CE9}.Debug|Any CPU.ActiveCfg = Debug|Any CPU
		{88E8CB44-7900-4015-88CA-849EBFA19CE9}.Debug|Any CPU.Build.0 = Debug|Any CPU
		{88E8CB44-7900-4015-88CA-849EBFA19CE9}.Release|Any CPU.ActiveCfg = Release|Any CPU
		{88E8CB44-7900-4015-88CA-849EBFA19CE9}.Release|Any CPU.Build.0 = Release|Any CPU
		{A97A095A-40A7-4EF4-83C2-7580834C689E}.Debug|Any CPU.ActiveCfg = Debug|Any CPU
		{A97A095A-40A7-4EF4-83C2-7580834C689E}.Debug|Any CPU.Build.0 = Debug|Any CPU
		{A97A095A-40A7-4EF4-83C2-7580834C689E}.Release|Any CPU.ActiveCfg = Release|Any CPU
		{A97A095A-40A7-4EF4-83C2-7580834C689E}.Release|Any CPU.Build.0 = Release|Any CPU
		{2F8646B1-DD89-4552-A793-1F8ACC3BD404}.Debug|Any CPU.ActiveCfg = Debug|Any CPU
		{2F8646B1-DD89-4552-A793-1F8ACC3BD404}.Debug|Any CPU.Build.0 = Debug|Any CPU
		{2F8646B1-DD89-4552-A793-1F8ACC3BD404}.Release|Any CPU.ActiveCfg = Release|Any CPU
		{2F8646B1-DD89-4552-A793-1F8ACC3BD404}.Release|Any CPU.Build.0 = Release|Any CPU
		{87B5FF39-8456-4ABE-A2EE-FE289E98AC8A}.Debug|Any CPU.ActiveCfg = Debug|Any CPU
		{87B5FF39-8456-4ABE-A2EE-FE289E98AC8A}.Debug|Any CPU.Build.0 = Debug|Any CPU
		{87B5FF39-8456-4ABE-A2EE-FE289E98AC8A}.Release|Any CPU.ActiveCfg = Release|Any CPU
		{87B5FF39-8456-4ABE-A2EE-FE289E98AC8A}.Release|Any CPU.Build.0 = Release|Any CPU
	EndGlobalSection
	GlobalSection(SolutionProperties) = preSolution
		HideSolutionNode = FALSE
	EndGlobalSection
	GlobalSection(NestedProjects) = preSolution
		{87B5FF39-8456-4ABE-A2EE-FE289E98AC8A} = {85CF8D75-BF53-45CC-B4BD-AA7DBC8F73F4}
	EndGlobalSection
	GlobalSection(ExtensibilityGlobals) = postSolution
		SolutionGuid = {79D19885-90BF-40C6-B06E-1B37181926C8}
	EndGlobalSection
EndGlobal
